
Microsoft Visual Studio Solution File, Format Version 12.00
# Visual Studio Version 17
VisualStudioVersion = 17.0.32014.148
MinimumVisualStudioVersion = 10.0.40219.1
Project("{9A19103F-16F7-4668-BE54-9A1E7A4F7556}") = "EmergencyLog.Api", "EmergencyLog.Api\EmergencyLog.Api.csproj", "{E48C2831-1A43-4A50-A4F6-0BDEF803905B}"
EndProject
Project("{9A19103F-16F7-4668-BE54-9A1E7A4F7556}") = "EmergencyLog.Domain", "Emergency.Domain\EmergencyLog.Domain.csproj", "{9196F0CB-1444-4107-847F-213D8AFEA086}"
EndProject
Project("{9A19103F-16F7-4668-BE54-9A1E7A4F7556}") = "EmergencyLog.Persistence", "EmergencyLog.Persistence\EmergencyLog.Persistence.csproj", "{966A8221-DABE-4A7B-A729-3D83136D7A97}"
EndProject
Project("{9A19103F-16F7-4668-BE54-9A1E7A4F7556}") = "EmergencyLog.Application", "EmergencyLog.Application\EmergencyLog.Application.csproj", "{2A6C086E-7AEF-4C80-9DE7-712692206952}"
EndProject
Project("{2150E333-8FDC-42A3-9474-1A3956D46DE8}") = "Tools", "Tools", "{3CDAD63E-D3E8-4F69-92E2-6616F5C60ECC}"
EndProject
Project("{FAE04EC0-301F-11D3-BF4B-00C04F79EFBC}") = "DatabaseSeeder", "DatabaseSeeder\DatabaseSeeder.csproj", "{1D31B578-B72A-474E-9819-172395DC63F0}"
EndProject
Global
	GlobalSection(SolutionConfigurationPlatforms) = preSolution
		Debug|Any CPU = Debug|Any CPU
		Release|Any CPU = Release|Any CPU
	EndGlobalSection
	GlobalSection(ProjectConfigurationPlatforms) = postSolution
		{E48C2831-1A43-4A50-A4F6-0BDEF803905B}.Debug|Any CPU.ActiveCfg = Debug|Any CPU
		{E48C2831-1A43-4A50-A4F6-0BDEF803905B}.Debug|Any CPU.Build.0 = Debug|Any CPU
		{E48C2831-1A43-4A50-A4F6-0BDEF803905B}.Release|Any CPU.ActiveCfg = Release|Any CPU
		{E48C2831-1A43-4A50-A4F6-0BDEF803905B}.Release|Any CPU.Build.0 = Release|Any CPU
		{9196F0CB-1444-4107-847F-213D8AFEA086}.Debug|Any CPU.ActiveCfg = Debug|Any CPU
		{9196F0CB-1444-4107-847F-213D8AFEA086}.Debug|Any CPU.Build.0 = Debug|Any CPU
		{9196F0CB-1444-4107-847F-213D8AFEA086}.Release|Any CPU.ActiveCfg = Release|Any CPU
		{9196F0CB-1444-4107-847F-213D8AFEA086}.Release|Any CPU.Build.0 = Release|Any CPU
		{966A8221-DABE-4A7B-A729-3D83136D7A97}.Debug|Any CPU.ActiveCfg = Debug|Any CPU
		{966A8221-DABE-4A7B-A729-3D83136D7A97}.Debug|Any CPU.Build.0 = Debug|Any CPU
		{966A8221-DABE-4A7B-A729-3D83136D7A97}.Release|Any CPU.ActiveCfg = Release|Any CPU
		{966A8221-DABE-4A7B-A729-3D83136D7A97}.Release|Any CPU.Build.0 = Release|Any CPU
		{2A6C086E-7AEF-4C80-9DE7-712692206952}.Debug|Any CPU.ActiveCfg = Debug|Any CPU
		{2A6C086E-7AEF-4C80-9DE7-712692206952}.Debug|Any CPU.Build.0 = Debug|Any CPU
		{2A6C086E-7AEF-4C80-9DE7-712692206952}.Release|Any CPU.ActiveCfg = Release|Any CPU
		{2A6C086E-7AEF-4C80-9DE7-712692206952}.Release|Any CPU.Build.0 = Release|Any CPU
		{1D31B578-B72A-474E-9819-172395DC63F0}.Debug|Any CPU.ActiveCfg = Debug|Any CPU
		{1D31B578-B72A-474E-9819-172395DC63F0}.Debug|Any CPU.Build.0 = Debug|Any CPU
		{1D31B578-B72A-474E-9819-172395DC63F0}.Release|Any CPU.ActiveCfg = Release|Any CPU
		{1D31B578-B72A-474E-9819-172395DC63F0}.Release|Any CPU.Build.0 = Release|Any CPU
	EndGlobalSection
	GlobalSection(SolutionProperties) = preSolution
		HideSolutionNode = FALSE
	EndGlobalSection
	GlobalSection(NestedProjects) = preSolution
		{1D31B578-B72A-474E-9819-172395DC63F0} = {3CDAD63E-D3E8-4F69-92E2-6616F5C60ECC}
	EndGlobalSection
	GlobalSection(ExtensibilityGlobals) = postSolution
		SolutionGuid = {7143C250-2FA0-4619-A089-BB9F2A6F530F}
	EndGlobalSection
EndGlobal
